
Microsoft Visual Studio Solution File, Format Version 12.00
# Visual Studio 15
VisualStudioVersion = 15.0.27703.2035
MinimumVisualStudioVersion = 10.0.40219.1
Project("{FAE04EC0-301F-11D3-BF4B-00C04F79EFBC}") = "Skills", "Skills\Skills.csproj", "{4111C8DE-4149-4652-BA96-3164F57FCC8A}"
EndProject
Project("{2150E333-8FDC-42A3-9474-1A3956D46DE8}") = "PL", "PL", "{82C8915F-F446-4A6C-913D-DCBB7795BC7A}"
EndProject
Project("{2150E333-8FDC-42A3-9474-1A3956D46DE8}") = "DAL", "DAL", "{5C1A6123-2C01-44C2-83BD-3220BD217A9B}"
EndProject
Project("{2150E333-8FDC-42A3-9474-1A3956D46DE8}") = "BLL", "BLL", "{5ABD044E-63FE-4D97-BD22-4FC398F08E84}"
EndProject
Project("{2150E333-8FDC-42A3-9474-1A3956D46DE8}") = "Common", "Common", "{876FFCEE-E4DF-42D9-90F9-53D81C59EBED}"
EndProject
Project("{FAE04EC0-301F-11D3-BF4B-00C04F79EFBC}") = "Entity", "Entity\Entity.csproj", "{D51A2977-74F9-407B-B0D3-BFFE05BB59AE}"
EndProject
Project("{FAE04EC0-301F-11D3-BF4B-00C04F79EFBC}") = "NinjectCommon", "NinjectCommon\NinjectCommon.csproj", "{0D0A19AE-FEE8-4D86-85F7-3413ABDAC402}"
EndProject
Project("{FAE04EC0-301F-11D3-BF4B-00C04F79EFBC}") = "Skills.DAL.DAO", "Skills.DAL.DAO\Skills.DAL.DAO.csproj", "{E2371852-25EC-4669-A68E-B9502CC037ED}"
EndProject
Project("{FAE04EC0-301F-11D3-BF4B-00C04F79EFBC}") = "Skills.DAL.Interface", "Skills.DAL.Interface\Skills.DAL.Interface.csproj", "{63880154-FAD5-43DE-B705-27F91FA63631}"
EndProject
Project("{FAE04EC0-301F-11D3-BF4B-00C04F79EFBC}") = "Skills.BLL.Logic", "Skills.BLL.Logic\Skills.BLL.Logic.csproj", "{04D1338E-BE1C-4C4D-8C00-51C9027DA7F2}"
EndProject
Project("{FAE04EC0-301F-11D3-BF4B-00C04F79EFBC}") = "Skills.BLL.Interface", "Skills.BLL.Interface\Skills.BLL.Interface.csproj", "{E2C6420B-64D8-4603-9B60-19D7E4B66D13}"
EndProject
Project("{FAE04EC0-301F-11D3-BF4B-00C04F79EFBC}") = "BLL.Logging", "BLL.Logging\BLL.Logging.csproj", "{07EFE781-1B81-4655-ADB8-F7EBEEC24B79}"
EndProject
Global
	GlobalSection(SolutionConfigurationPlatforms) = preSolution
		Debug|Any CPU = Debug|Any CPU
		Release|Any CPU = Release|Any CPU
	EndGlobalSection
	GlobalSection(ProjectConfigurationPlatforms) = postSolution
		{4111C8DE-4149-4652-BA96-3164F57FCC8A}.Debug|Any CPU.ActiveCfg = Debug|Any CPU
		{4111C8DE-4149-4652-BA96-3164F57FCC8A}.Debug|Any CPU.Build.0 = Debug|Any CPU
		{4111C8DE-4149-4652-BA96-3164F57FCC8A}.Release|Any CPU.ActiveCfg = Release|Any CPU
		{4111C8DE-4149-4652-BA96-3164F57FCC8A}.Release|Any CPU.Build.0 = Release|Any CPU
		{D51A2977-74F9-407B-B0D3-BFFE05BB59AE}.Debug|Any CPU.ActiveCfg = Debug|Any CPU
		{D51A2977-74F9-407B-B0D3-BFFE05BB59AE}.Debug|Any CPU.Build.0 = Debug|Any CPU
		{D51A2977-74F9-407B-B0D3-BFFE05BB59AE}.Release|Any CPU.ActiveCfg = Release|Any CPU
		{D51A2977-74F9-407B-B0D3-BFFE05BB59AE}.Release|Any CPU.Build.0 = Release|Any CPU
		{0D0A19AE-FEE8-4D86-85F7-3413ABDAC402}.Debug|Any CPU.ActiveCfg = Debug|Any CPU
		{0D0A19AE-FEE8-4D86-85F7-3413ABDAC402}.Debug|Any CPU.Build.0 = Debug|Any CPU
		{0D0A19AE-FEE8-4D86-85F7-3413ABDAC402}.Release|Any CPU.ActiveCfg = Release|Any CPU
		{0D0A19AE-FEE8-4D86-85F7-3413ABDAC402}.Release|Any CPU.Build.0 = Release|Any CPU
		{E2371852-25EC-4669-A68E-B9502CC037ED}.Debug|Any CPU.ActiveCfg = Debug|Any CPU
		{E2371852-25EC-4669-A68E-B9502CC037ED}.Debug|Any CPU.Build.0 = Debug|Any CPU
		{E2371852-25EC-4669-A68E-B9502CC037ED}.Release|Any CPU.ActiveCfg = Release|Any CPU
		{E2371852-25EC-4669-A68E-B9502CC037ED}.Release|Any CPU.Build.0 = Release|Any CPU
		{63880154-FAD5-43DE-B705-27F91FA63631}.Debug|Any CPU.ActiveCfg = Debug|Any CPU
		{63880154-FAD5-43DE-B705-27F91FA63631}.Debug|Any CPU.Build.0 = Debug|Any CPU
		{63880154-FAD5-43DE-B705-27F91FA63631}.Release|Any CPU.ActiveCfg = Release|Any CPU
		{63880154-FAD5-43DE-B705-27F91FA63631}.Release|Any CPU.Build.0 = Release|Any CPU
		{04D1338E-BE1C-4C4D-8C00-51C9027DA7F2}.Debug|Any CPU.ActiveCfg = Debug|Any CPU
		{04D1338E-BE1C-4C4D-8C00-51C9027DA7F2}.Debug|Any CPU.Build.0 = Debug|Any CPU
		{04D1338E-BE1C-4C4D-8C00-51C9027DA7F2}.Release|Any CPU.ActiveCfg = Release|Any CPU
		{04D1338E-BE1C-4C4D-8C00-51C9027DA7F2}.Release|Any CPU.Build.0 = Release|Any CPU
		{E2C6420B-64D8-4603-9B60-19D7E4B66D13}.Debug|Any CPU.ActiveCfg = Debug|Any CPU
		{E2C6420B-64D8-4603-9B60-19D7E4B66D13}.Debug|Any CPU.Build.0 = Debug|Any CPU
		{E2C6420B-64D8-4603-9B60-19D7E4B66D13}.Release|Any CPU.ActiveCfg = Release|Any CPU
		{E2C6420B-64D8-4603-9B60-19D7E4B66D13}.Release|Any CPU.Build.0 = Release|Any CPU
		{07EFE781-1B81-4655-ADB8-F7EBEEC24B79}.Debug|Any CPU.ActiveCfg = Debug|Any CPU
		{07EFE781-1B81-4655-ADB8-F7EBEEC24B79}.Debug|Any CPU.Build.0 = Debug|Any CPU
		{07EFE781-1B81-4655-ADB8-F7EBEEC24B79}.Release|Any CPU.ActiveCfg = Release|Any CPU
		{07EFE781-1B81-4655-ADB8-F7EBEEC24B79}.Release|Any CPU.Build.0 = Release|Any CPU
	EndGlobalSection
	GlobalSection(SolutionProperties) = preSolution
		HideSolutionNode = FALSE
	EndGlobalSection
	GlobalSection(NestedProjects) = preSolution
		{4111C8DE-4149-4652-BA96-3164F57FCC8A} = {82C8915F-F446-4A6C-913D-DCBB7795BC7A}
		{D51A2977-74F9-407B-B0D3-BFFE05BB59AE} = {876FFCEE-E4DF-42D9-90F9-53D81C59EBED}
		{0D0A19AE-FEE8-4D86-85F7-3413ABDAC402} = {876FFCEE-E4DF-42D9-90F9-53D81C59EBED}
		{E2371852-25EC-4669-A68E-B9502CC037ED} = {5C1A6123-2C01-44C2-83BD-3220BD217A9B}
		{63880154-FAD5-43DE-B705-27F91FA63631} = {5C1A6123-2C01-44C2-83BD-3220BD217A9B}
		{04D1338E-BE1C-4C4D-8C00-51C9027DA7F2} = {5ABD044E-63FE-4D97-BD22-4FC398F08E84}
		{E2C6420B-64D8-4603-9B60-19D7E4B66D13} = {5ABD044E-63FE-4D97-BD22-4FC398F08E84}
		{07EFE781-1B81-4655-ADB8-F7EBEEC24B79} = {5ABD044E-63FE-4D97-BD22-4FC398F08E84}
	EndGlobalSection
	GlobalSection(ExtensibilityGlobals) = postSolution
		SolutionGuid = {BA072797-8847-4646-9BD9-0F1DC5DEFB19}
	EndGlobalSection
EndGlobal
